# THIS IS AN AUTOGENERATED FILE. DO NOT EDIT THIS FILE DIRECTLY.
# yarn lockfile v1


three@^0.125.2:
  version "0.125.2"
  resolved "https://registry.yarnpkg.com/three/-/three-0.125.2.tgz#dcba12749a2eb41522e15212b919cd3fbf729b12"
  integrity sha512-7rIRO23jVKWcAPFdW/HREU2NZMGWPBZ4XwEMt0Ak0jwLUKVJhcKM55eCBWyGZq/KiQbeo1IeuAoo/9l2dzhTXA==
